
Microsoft Visual Studio Solution File, Format Version 12.00
# Visual Studio Version 17
VisualStudioVersion = 17.9.34701.34
MinimumVisualStudioVersion = 10.0.40219.1
Project("{FAE04EC0-301F-11D3-BF4B-00C04F79EFBC}") = "ITI Project", "ITI Project\ITI Project.csproj", "{FF0E5A8B-5B58-4489-AFD2-40A0287E5A09}"
EndProject
Global
	GlobalSection(SolutionConfigurationPlatforms) = preSolution
		Debug|Any CPU = Debug|Any CPU
		Release|Any CPU = Release|Any CPU
	EndGlobalSection
	GlobalSection(ProjectConfigurationPlatforms) = postSolution
		{FF0E5A8B-5B58-4489-AFD2-40A0287E5A09}.Debug|Any CPU.ActiveCfg = Debug|Any CPU
		{FF0E5A8B-5B58-4489-AFD2-40A0287E5A09}.Debug|Any CPU.Build.0 = Debug|Any CPU
		{FF0E5A8B-5B58-4489-AFD2-40A0287E5A09}.Release|Any CPU.ActiveCfg = Release|Any CPU
		{FF0E5A8B-5B58-4489-AFD2-40A0287E5A09}.Release|Any CPU.Build.0 = Release|Any CPU
	EndGlobalSection
	GlobalSection(SolutionProperties) = preSolution
		HideSolutionNode = FALSE
	EndGlobalSection
	GlobalSection(ExtensibilityGlobals) = postSolution
		SolutionGuid = {ADC2D426-ECE7-4FF0-A72C-DD4D18BF6B6F}
	EndGlobalSection
EndGlobal
